
Microsoft Visual Studio Solution File, Format Version 12.00
# Visual Studio Version 17
VisualStudioVersion = 17.3.32922.545
MinimumVisualStudioVersion = 10.0.40219.1
Project("{8BC9CEB8-8B4A-11D0-8D11-00A0C91BC942}") = "IP1_7_20221125", "IP1_7_20221125.vcxproj", "{CEB5DA56-8348-4073-B742-6DAC9DE0ADE3}"
EndProject
Global
	GlobalSection(SolutionConfigurationPlatforms) = preSolution
		Debug|x64 = Debug|x64
		Release|x64 = Release|x64
	EndGlobalSection
	GlobalSection(ProjectConfigurationPlatforms) = postSolution
		{CEB5DA56-8348-4073-B742-6DAC9DE0ADE3}.Debug|x64.ActiveCfg = Debug|x64
		{CEB5DA56-8348-4073-B742-6DAC9DE0ADE3}.Debug|x64.Build.0 = Debug|x64
		{CEB5DA56-8348-4073-B742-6DAC9DE0ADE3}.Release|x64.ActiveCfg = Release|x64
		{CEB5DA56-8348-4073-B742-6DAC9DE0ADE3}.Release|x64.Build.0 = Release|x64
	EndGlobalSection
	GlobalSection(SolutionProperties) = preSolution
		HideSolutionNode = FALSE
	EndGlobalSection
	GlobalSection(ExtensibilityGlobals) = postSolution
		SolutionGuid = {5C52153E-2A8F-44BC-9CDA-9F6B2DBEB2EE}
	EndGlobalSection
EndGlobal
